{
  "name": "aibiz-source-build-deps",
  "version": "1.0.0",
  "lockfileVersion": 3,
  "requires": true,
  "packages": {
    "": {
      "name": "aibiz-source-build-deps",
      "version": "1.0.0",
      "dependencies": {
        "@interactjs/types": "file:archives/interactjs-types-1.10.26.tgz",
        "interactjs": "file:archives/interactjs-1.10.26.tgz",
        "js-md5": "file:archives/js-md5-0.8.3.tgz"
      }
    },
    "node_modules/@interactjs/types": {
      "version": "1.10.26",
      "resolved": "file:archives/interactjs-types-1.10.26.tgz",
      "integrity": "sha512-DekYpdkMV3XJVd/0k3f4pJluZAsCiG86yEtVXvGLK0lS/Fj0+OzYEv7HoMpcBZSkQ8s7//yaeEBgnxy2tV81lA==",
      "license": "MIT"
    },
    "node_modules/interactjs": {
      "version": "1.10.26",
      "resolved": "file:archives/interactjs-1.10.26.tgz",
      "integrity": "sha512-5gNTNDTfEHp2EifqtWGi5VkD3CMZVJSTGmtK/IsVRd+rkOk3E63iVs5Z+IeD5K1Lr0qZpU2754VHAwf5i+Z9xg==",
      "license": "MIT",
      "dependencies": {
        "@interactjs/types": "1.10.26"
      }
    },
    "node_modules/js-md5": {
      "version": "0.8.3",
      "resolved": "file:archives/js-md5-0.8.3.tgz",
      "integrity": "sha512-qR0HB5uP6wCuRMrWPTrkMaev7MJZwJuuw4fnwAzRgP4J4/F8RwtodOKpGp4XpqsLBFzzgqIO42efFAyz2Et6KQ==",
      "license": "MIT"
    }
  }
}
